// !$*UTF8*$!
{
	archiveVersion = 1;
	classes = {
	};
	objectVersion = 56;
	objects = {

/* Begin PBXBuildFile section */
		28F50EF22B0A448B00D59A40 /* AppDelegate.swift in Sources */ = {isa = PBXBuildFile; fileRef = 28F50EF12B0A448B00D59A40 /* AppDelegate.swift */; };
		28F50EF42B0A448B00D59A40 /* SceneDelegate.swift in Sources */ = {isa = PBXBuildFile; fileRef = 28F50EF32B0A448B00D59A40 /* SceneDelegate.swift */; };
		28F50EF62B0A448B00D59A40 /* ViewController.swift in Sources */ = {isa = PBXBuildFile; fileRef = 28F50EF52B0A448B00D59A40 /* ViewController.swift */; };
		28F50EF92B0A448B00D59A40 /* Main.storyboard in Resources */ = {isa = PBXBuildFile; fileRef = 28F50EF72B0A448B00D59A40 /* Main.storyboard */; };
		28F50EFB2B0A448C00D59A40 /* Assets.xcassets in Resources */ = {isa = PBXBuildFile; fileRef = 28F50EFA2B0A448C00D59A40 /* Assets.xcassets */; };
		28F50EFE2B0A448C00D59A40 /* LaunchScreen.storyboard in Resources */ = {isa = PBXBuildFile; fileRef = 28F50EFC2B0A448C00D59A40 /* LaunchScreen.storyboard */; };
		28F50F092B0A458D00D59A40 /* FirebaseAnalytics in Frameworks */ = {isa = PBXBuildFile; productRef = 28F50F082B0A458D00D59A40 /* FirebaseAnalytics */; };
		28F50F0B2B0A458D00D59A40 /* FirebaseAnalyticsOnDeviceConversion in Frameworks */ = {isa = PBXBuildFile; productRef = 28F50F0A2B0A458D00D59A40 /* FirebaseAnalyticsOnDeviceConversion */; };
		28F50F0D2B0A458D00D59A40 /* FirebaseAnalyticsSwift in Frameworks */ = {isa = PBXBuildFile; productRef = 28F50F0C2B0A458D00D59A40 /* FirebaseAnalyticsSwift */; };
		28F50F0F2B0A458D00D59A40 /* FirebaseAnalyticsWithoutAdIdSupport in Frameworks */ = {isa = PBXBuildFile; productRef = 28F50F0E2B0A458D00D59A40 /* FirebaseAnalyticsWithoutAdIdSupport */; };
		28F50F112B0A458D00D59A40 /* FirebaseAppCheck in Frameworks */ = {isa = PBXBuildFile; productRef = 28F50F102B0A458D00D59A40 /* FirebaseAppCheck */; };
		28F50F1A2B0A489400D59A40 /* LoginView.swift in Sources */ = {isa = PBXBuildFile; fileRef = 28F50F192B0A489400D59A40 /* LoginView.swift */; };
		28F50F1D2B0A53D800D59A40 /* RegistrationView.swift in Sources */ = {isa = PBXBuildFile; fileRef = 28F50F1C2B0A53D800D59A40 /* RegistrationView.swift */; };
		28F50F1F2B0A54C800D59A40 /* RegistrationViewController.swift in Sources */ = {isa = PBXBuildFile; fileRef = 28F50F1E2B0A54C800D59A40 /* RegistrationViewController.swift */; };
		28F50F232B0AA38500D59A40 /* UserHomeView.swift in Sources */ = {isa = PBXBuildFile; fileRef = 28F50F222B0AA38500D59A40 /* UserHomeView.swift */; };
		28F50F252B0AA48500D59A40 /* UserHomeViewController.swift in Sources */ = {isa = PBXBuildFile; fileRef = 28F50F242B0AA48500D59A40 /* UserHomeViewController.swift */; };
		28F50F282B0C3CB400D59A40 /* AboutView.swift in Sources */ = {isa = PBXBuildFile; fileRef = 28F50F272B0C3CB400D59A40 /* AboutView.swift */; };
		28F50F2A2B0C3D6D00D59A40 /* AboutViewController.swift in Sources */ = {isa = PBXBuildFile; fileRef = 28F50F292B0C3D6D00D59A40 /* AboutViewController.swift */; };
		DD2BEC952B187060001F55CE /* ProgressSpinnerViewController.swift in Sources */ = {isa = PBXBuildFile; fileRef = DD2BEC942B187060001F55CE /* ProgressSpinnerViewController.swift */; };
		DD2BEC982B1870B2001F55CE /* ProgressSpinnerDelegate.swift in Sources */ = {isa = PBXBuildFile; fileRef = DD2BEC972B1870B2001F55CE /* ProgressSpinnerDelegate.swift */; };
		DD2BEC9A2B1870CC001F55CE /* AppColors.swift in Sources */ = {isa = PBXBuildFile; fileRef = DD2BEC992B1870CC001F55CE /* AppColors.swift */; };
		DD2BEC9D2B1872AE001F55CE /* FirebaseAuth in Frameworks */ = {isa = PBXBuildFile; productRef = DD2BEC9C2B1872AE001F55CE /* FirebaseAuth */; };
		DD2BEC9F2B1895EE001F55CE /* FirebaseFirestore in Frameworks */ = {isa = PBXBuildFile; productRef = DD2BEC9E2B1895EE001F55CE /* FirebaseFirestore */; };
		DD2BECA12B1895EE001F55CE /* FirebaseFirestoreSwift in Frameworks */ = {isa = PBXBuildFile; productRef = DD2BECA02B1895EE001F55CE /* FirebaseFirestoreSwift */; };
		DD2BECA32B189761001F55CE /* LoginFirebaseManager.swift in Sources */ = {isa = PBXBuildFile; fileRef = DD2BECA22B189761001F55CE /* LoginFirebaseManager.swift */; };
		DD2BECA52B18AE01001F55CE /* RegistrationFirebaseManager.swift in Sources */ = {isa = PBXBuildFile; fileRef = DD2BECA42B18AE01001F55CE /* RegistrationFirebaseManager.swift */; };
		DD2BECA72B18AE54001F55CE /* RegistrationProgressIndicatorManager.swift in Sources */ = {isa = PBXBuildFile; fileRef = DD2BECA62B18AE54001F55CE /* RegistrationProgressIndicatorManager.swift */; };
		DD2BECA92B1C55C7001F55CE /* MoodCategories.swift in Sources */ = {isa = PBXBuildFile; fileRef = DD2BECA82B1C55C6001F55CE /* MoodCategories.swift */; };
		DD2BECAC2B1C6C2C001F55CE /* StoriesMainViewController.swift in Sources */ = {isa = PBXBuildFile; fileRef = DD2BECAB2B1C6C2C001F55CE /* StoriesMainViewController.swift */; };
		DD2BECAE2B1C6C3D001F55CE /* JournalMainViewController.swift in Sources */ = {isa = PBXBuildFile; fileRef = DD2BECAD2B1C6C3D001F55CE /* JournalMainViewController.swift */; };
		DD2BECB02B1C6C54001F55CE /* StoriesMainView.swift in Sources */ = {isa = PBXBuildFile; fileRef = DD2BECAF2B1C6C54001F55CE /* StoriesMainView.swift */; };
		DD2BECB22B1C6C66001F55CE /* JournalMainView.swift in Sources */ = {isa = PBXBuildFile; fileRef = DD2BECB12B1C6C66001F55CE /* JournalMainView.swift */; };
		DD2BECB82B1C8152001F55CE /* NavLogo.swift in Sources */ = {isa = PBXBuildFile; fileRef = DD2BECB72B1C8152001F55CE /* NavLogo.swift */; };
		DD2BECBB2B1C8509001F55CE /* UserHomeViewButtonManager.swift in Sources */ = {isa = PBXBuildFile; fileRef = DD2BECBA2B1C8509001F55CE /* UserHomeViewButtonManager.swift */; };
		DD7E913A2B18232A00BFEB12 /* GoogleService-Info.plist in Resources */ = {isa = PBXBuildFile; fileRef = DD7E91392B18232A00BFEB12 /* GoogleService-Info.plist */; };
		DD7E913C2B18234800BFEB12 /* FirebaseAnalytics in Frameworks */ = {isa = PBXBuildFile; productRef = DD7E913B2B18234800BFEB12 /* FirebaseAnalytics */; };
		DD7E913E2B18234800BFEB12 /* FirebaseAnalyticsOnDeviceConversion in Frameworks */ = {isa = PBXBuildFile; productRef = DD7E913D2B18234800BFEB12 /* FirebaseAnalyticsOnDeviceConversion */; };
		DD7E91402B18234800BFEB12 /* FirebaseAnalyticsSwift in Frameworks */ = {isa = PBXBuildFile; productRef = DD7E913F2B18234800BFEB12 /* FirebaseAnalyticsSwift */; };
		DD7E91422B18234800BFEB12 /* FirebaseAnalyticsWithoutAdIdSupport in Frameworks */ = {isa = PBXBuildFile; productRef = DD7E91412B18234800BFEB12 /* FirebaseAnalyticsWithoutAdIdSupport */; };
		DD7E91442B18234800BFEB12 /* FirebaseAppCheck in Frameworks */ = {isa = PBXBuildFile; productRef = DD7E91432B18234800BFEB12 /* FirebaseAppCheck */; };
/* End PBXBuildFile section */

/* Begin PBXFileReference section */
		28F50EEE2B0A448B00D59A40 /* finalproject.app */ = {isa = PBXFileReference; explicitFileType = wrapper.application; includeInIndex = 0; path = finalproject.app; sourceTree = BUILT_PRODUCTS_DIR; };
		28F50EF12B0A448B00D59A40 /* AppDelegate.swift */ = {isa = PBXFileReference; lastKnownFileType = sourcecode.swift; path = AppDelegate.swift; sourceTree = "<group>"; };
		28F50EF32B0A448B00D59A40 /* SceneDelegate.swift */ = {isa = PBXFileReference; lastKnownFileType = sourcecode.swift; path = SceneDelegate.swift; sourceTree = "<group>"; };
		28F50EF52B0A448B00D59A40 /* ViewController.swift */ = {isa = PBXFileReference; lastKnownFileType = sourcecode.swift; path = ViewController.swift; sourceTree = "<group>"; };
		28F50EF82B0A448B00D59A40 /* Base */ = {isa = PBXFileReference; lastKnownFileType = file.storyboard; name = Base; path = Base.lproj/Main.storyboard; sourceTree = "<group>"; };
		28F50EFA2B0A448C00D59A40 /* Assets.xcassets */ = {isa = PBXFileReference; lastKnownFileType = folder.assetcatalog; path = Assets.xcassets; sourceTree = "<group>"; };
		28F50EFD2B0A448C00D59A40 /* Base */ = {isa = PBXFileReference; lastKnownFileType = file.storyboard; name = Base; path = Base.lproj/LaunchScreen.storyboard; sourceTree = "<group>"; };
		28F50EFF2B0A448C00D59A40 /* Info.plist */ = {isa = PBXFileReference; lastKnownFileType = text.plist.xml; path = Info.plist; sourceTree = "<group>"; };
		28F50F192B0A489400D59A40 /* LoginView.swift */ = {isa = PBXFileReference; lastKnownFileType = sourcecode.swift; path = LoginView.swift; sourceTree = "<group>"; };
		28F50F1C2B0A53D800D59A40 /* RegistrationView.swift */ = {isa = PBXFileReference; lastKnownFileType = sourcecode.swift; path = RegistrationView.swift; sourceTree = "<group>"; };
		28F50F1E2B0A54C800D59A40 /* RegistrationViewController.swift */ = {isa = PBXFileReference; lastKnownFileType = sourcecode.swift; path = RegistrationViewController.swift; sourceTree = "<group>"; };
		28F50F222B0AA38500D59A40 /* UserHomeView.swift */ = {isa = PBXFileReference; lastKnownFileType = sourcecode.swift; path = UserHomeView.swift; sourceTree = "<group>"; };
		28F50F242B0AA48500D59A40 /* UserHomeViewController.swift */ = {isa = PBXFileReference; lastKnownFileType = sourcecode.swift; path = UserHomeViewController.swift; sourceTree = "<group>"; };
		28F50F272B0C3CB400D59A40 /* AboutView.swift */ = {isa = PBXFileReference; lastKnownFileType = sourcecode.swift; path = AboutView.swift; sourceTree = "<group>"; };
		28F50F292B0C3D6D00D59A40 /* AboutViewController.swift */ = {isa = PBXFileReference; lastKnownFileType = sourcecode.swift; path = AboutViewController.swift; sourceTree = "<group>"; };
		DD2BEC942B187060001F55CE /* ProgressSpinnerViewController.swift */ = {isa = PBXFileReference; lastKnownFileType = sourcecode.swift; path = ProgressSpinnerViewController.swift; sourceTree = "<group>"; };
		DD2BEC972B1870B2001F55CE /* ProgressSpinnerDelegate.swift */ = {isa = PBXFileReference; lastKnownFileType = sourcecode.swift; path = ProgressSpinnerDelegate.swift; sourceTree = "<group>"; };
		DD2BEC992B1870CC001F55CE /* AppColors.swift */ = {isa = PBXFileReference; lastKnownFileType = sourcecode.swift; path = AppColors.swift; sourceTree = "<group>"; };
		DD2BECA22B189761001F55CE /* LoginFirebaseManager.swift */ = {isa = PBXFileReference; lastKnownFileType = sourcecode.swift; path = LoginFirebaseManager.swift; sourceTree = "<group>"; };
		DD2BECA42B18AE01001F55CE /* RegistrationFirebaseManager.swift */ = {isa = PBXFileReference; lastKnownFileType = sourcecode.swift; path = RegistrationFirebaseManager.swift; sourceTree = "<group>"; };
		DD2BECA62B18AE54001F55CE /* RegistrationProgressIndicatorManager.swift */ = {isa = PBXFileReference; lastKnownFileType = sourcecode.swift; path = RegistrationProgressIndicatorManager.swift; sourceTree = "<group>"; };
		DD2BECA82B1C55C6001F55CE /* MoodCategories.swift */ = {isa = PBXFileReference; lastKnownFileType = sourcecode.swift; path = MoodCategories.swift; sourceTree = "<group>"; };
		DD2BECAB2B1C6C2C001F55CE /* StoriesMainViewController.swift */ = {isa = PBXFileReference; lastKnownFileType = sourcecode.swift; path = StoriesMainViewController.swift; sourceTree = "<group>"; };
		DD2BECAD2B1C6C3D001F55CE /* JournalMainViewController.swift */ = {isa = PBXFileReference; lastKnownFileType = sourcecode.swift; path = JournalMainViewController.swift; sourceTree = "<group>"; };
		DD2BECAF2B1C6C54001F55CE /* StoriesMainView.swift */ = {isa = PBXFileReference; lastKnownFileType = sourcecode.swift; path = StoriesMainView.swift; sourceTree = "<group>"; };
		DD2BECB12B1C6C66001F55CE /* JournalMainView.swift */ = {isa = PBXFileReference; lastKnownFileType = sourcecode.swift; path = JournalMainView.swift; sourceTree = "<group>"; };
		DD2BECB72B1C8152001F55CE /* NavLogo.swift */ = {isa = PBXFileReference; lastKnownFileType = sourcecode.swift; path = NavLogo.swift; sourceTree = "<group>"; };
		DD2BECBA2B1C8509001F55CE /* UserHomeViewButtonManager.swift */ = {isa = PBXFileReference; lastKnownFileType = sourcecode.swift; path = UserHomeViewButtonManager.swift; sourceTree = "<group>"; };
		DD7E91392B18232A00BFEB12 /* GoogleService-Info.plist */ = {isa = PBXFileReference; fileEncoding = 4; lastKnownFileType = text.plist.xml; name = "GoogleService-Info.plist"; path = "../../../../../../../../Downloads/GoogleService-Info.plist"; sourceTree = "<group>"; };
/* End PBXFileReference section */

/* Begin PBXFrameworksBuildPhase section */
		28F50EEB2B0A448B00D59A40 /* Frameworks */ = {
			isa = PBXFrameworksBuildPhase;
			buildActionMask = 2147483647;
			files = (
				28F50F0D2B0A458D00D59A40 /* FirebaseAnalyticsSwift in Frameworks */,
				28F50F092B0A458D00D59A40 /* FirebaseAnalytics in Frameworks */,
				DD7E913C2B18234800BFEB12 /* FirebaseAnalytics in Frameworks */,
				DD7E913E2B18234800BFEB12 /* FirebaseAnalyticsOnDeviceConversion in Frameworks */,
				DD7E91402B18234800BFEB12 /* FirebaseAnalyticsSwift in Frameworks */,
				DD2BEC9F2B1895EE001F55CE /* FirebaseFirestore in Frameworks */,
				28F50F0B2B0A458D00D59A40 /* FirebaseAnalyticsOnDeviceConversion in Frameworks */,
				DD2BECA12B1895EE001F55CE /* FirebaseFirestoreSwift in Frameworks */,
				28F50F112B0A458D00D59A40 /* FirebaseAppCheck in Frameworks */,
				DD2BEC9D2B1872AE001F55CE /* FirebaseAuth in Frameworks */,
				DD7E91422B18234800BFEB12 /* FirebaseAnalyticsWithoutAdIdSupport in Frameworks */,
				DD7E91442B18234800BFEB12 /* FirebaseAppCheck in Frameworks */,
				28F50F0F2B0A458D00D59A40 /* FirebaseAnalyticsWithoutAdIdSupport in Frameworks */,
			);
			runOnlyForDeploymentPostprocessing = 0;
		};
/* End PBXFrameworksBuildPhase section */

/* Begin PBXGroup section */
		28F50EE52B0A448B00D59A40 = {
			isa = PBXGroup;
			children = (
				28F50EF02B0A448B00D59A40 /* finalproject */,
				28F50EEF2B0A448B00D59A40 /* Products */,
				DD2BEC9B2B1872AE001F55CE /* Frameworks */,
			);
			sourceTree = "<group>";
		};
		28F50EEF2B0A448B00D59A40 /* Products */ = {
			isa = PBXGroup;
			children = (
				28F50EEE2B0A448B00D59A40 /* finalproject.app */,
			);
			name = Products;
			sourceTree = "<group>";
		};
		28F50EF02B0A448B00D59A40 /* finalproject */ = {
			isa = PBXGroup;
			children = (
				DD2BECAA2B1C6BE9001F55CE /* DataModels */,
				DD2BECB92B1C829C001F55CE /* AppConfigs */,
				DD2BEC962B1870A1001F55CE /* ProgressIndicator */,
				28F50F262B0C3C9D00D59A40 /* AboutScreen */,
				28F50F182B0A485A00D59A40 /* LoginScreen */,
				28F50F1B2B0A537B00D59A40 /* RegistrationScreen */,
				28F50F212B0AA36200D59A40 /* UserHomeScreen */,
				DD2BECB42B1C6C7A001F55CE /* StoryScreen */,
				DD2BECB32B1C6C6B001F55CE /* JournalScreen */,
				28F50EF12B0A448B00D59A40 /* AppDelegate.swift */,
				28F50EF32B0A448B00D59A40 /* SceneDelegate.swift */,
				28F50EF72B0A448B00D59A40 /* Main.storyboard */,
				28F50EFA2B0A448C00D59A40 /* Assets.xcassets */,
				28F50EFC2B0A448C00D59A40 /* LaunchScreen.storyboard */,
				28F50EFF2B0A448C00D59A40 /* Info.plist */,
				DD7E91392B18232A00BFEB12 /* GoogleService-Info.plist */,
			);
			path = finalproject;
			sourceTree = "<group>";
		};
		28F50F182B0A485A00D59A40 /* LoginScreen */ = {
			isa = PBXGroup;
			children = (
				DD2BEC912B186FB1001F55CE /* Views */,
				28F50EF52B0A448B00D59A40 /* ViewController.swift */,
				DD2BECA22B189761001F55CE /* LoginFirebaseManager.swift */,
			);
			path = LoginScreen;
			sourceTree = "<group>";
		};
		28F50F1B2B0A537B00D59A40 /* RegistrationScreen */ = {
			isa = PBXGroup;
			children = (
				DD2BEC922B186FC0001F55CE /* Views */,
				28F50F1E2B0A54C800D59A40 /* RegistrationViewController.swift */,
				DD2BECA42B18AE01001F55CE /* RegistrationFirebaseManager.swift */,
				DD2BECA62B18AE54001F55CE /* RegistrationProgressIndicatorManager.swift */,
			);
			path = RegistrationScreen;
			sourceTree = "<group>";
		};
		28F50F212B0AA36200D59A40 /* UserHomeScreen */ = {
			isa = PBXGroup;
			children = (
				DD2BEC932B187026001F55CE /* Views */,
				28F50F242B0AA48500D59A40 /* UserHomeViewController.swift */,
				DD2BECBA2B1C8509001F55CE /* UserHomeViewButtonManager.swift */,
			);
			path = UserHomeScreen;
			sourceTree = "<group>";
		};
		28F50F262B0C3C9D00D59A40 /* AboutScreen */ = {
			isa = PBXGroup;
			children = (
				28F50F272B0C3CB400D59A40 /* AboutView.swift */,
				28F50F292B0C3D6D00D59A40 /* AboutViewController.swift */,
			);
			path = AboutScreen;
			sourceTree = "<group>";
		};
		DD2BEC912B186FB1001F55CE /* Views */ = {
			isa = PBXGroup;
			children = (
				28F50F192B0A489400D59A40 /* LoginView.swift */,
			);
			path = Views;
			sourceTree = "<group>";
		};
		DD2BEC922B186FC0001F55CE /* Views */ = {
			isa = PBXGroup;
			children = (
				28F50F1C2B0A53D800D59A40 /* RegistrationView.swift */,
			);
			path = Views;
			sourceTree = "<group>";
		};
		DD2BEC932B187026001F55CE /* Views */ = {
			isa = PBXGroup;
			children = (
				28F50F222B0AA38500D59A40 /* UserHomeView.swift */,
			);
			path = Views;
			sourceTree = "<group>";
		};
		DD2BEC962B1870A1001F55CE /* ProgressIndicator */ = {
			isa = PBXGroup;
			children = (
				DD2BEC942B187060001F55CE /* ProgressSpinnerViewController.swift */,
				DD2BEC972B1870B2001F55CE /* ProgressSpinnerDelegate.swift */,
			);
			path = ProgressIndicator;
			sourceTree = "<group>";
		};
		DD2BEC9B2B1872AE001F55CE /* Frameworks */ = {
			isa = PBXGroup;
			children = (
			);
			name = Frameworks;
			sourceTree = "<group>";
		};
		DD2BECAA2B1C6BE9001F55CE /* DataModels */ = {
			isa = PBXGroup;
			children = (
				DD2BECA82B1C55C6001F55CE /* MoodCategories.swift */,
			);
			path = DataModels;
			sourceTree = "<group>";
		};
		DD2BECB32B1C6C6B001F55CE /* JournalScreen */ = {
			isa = PBXGroup;
			children = (
				DD2BECAD2B1C6C3D001F55CE /* JournalMainViewController.swift */,
				DD2BECB62B1C7C12001F55CE /* Views */,
			);
			path = JournalScreen;
			sourceTree = "<group>";
		};
		DD2BECB42B1C6C7A001F55CE /* StoryScreen */ = {
			isa = PBXGroup;
			children = (
				DD2BECAB2B1C6C2C001F55CE /* StoriesMainViewController.swift */,
				DD2BECB52B1C7C09001F55CE /* Views */,
			);
			path = StoryScreen;
			sourceTree = "<group>";
		};
		DD2BECB52B1C7C09001F55CE /* Views */ = {
			isa = PBXGroup;
			children = (
				DD2BECAF2B1C6C54001F55CE /* StoriesMainView.swift */,
			);
			path = Views;
			sourceTree = "<group>";
		};
		DD2BECB62B1C7C12001F55CE /* Views */ = {
			isa = PBXGroup;
			children = (
				DD2BECB12B1C6C66001F55CE /* JournalMainView.swift */,
			);
			path = Views;
			sourceTree = "<group>";
		};
		DD2BECB92B1C829C001F55CE /* AppConfigs */ = {
			isa = PBXGroup;
			children = (
				DD2BEC992B1870CC001F55CE /* AppColors.swift */,
				DD2BECB72B1C8152001F55CE /* NavLogo.swift */,
			);
			path = AppConfigs;
			sourceTree = "<group>";
		};
/* End PBXGroup section */

/* Begin PBXNativeTarget section */
		28F50EED2B0A448B00D59A40 /* finalproject */ = {
			isa = PBXNativeTarget;
			buildConfigurationList = 28F50F022B0A448C00D59A40 /* Build configuration list for PBXNativeTarget "finalproject" */;
			buildPhases = (
				28F50EEA2B0A448B00D59A40 /* Sources */,
				28F50EEB2B0A448B00D59A40 /* Frameworks */,
				28F50EEC2B0A448B00D59A40 /* Resources */,
			);
			buildRules = (
			);
			dependencies = (
			);
			name = finalproject;
			packageProductDependencies = (
				28F50F082B0A458D00D59A40 /* FirebaseAnalytics */,
				28F50F0A2B0A458D00D59A40 /* FirebaseAnalyticsOnDeviceConversion */,
				28F50F0C2B0A458D00D59A40 /* FirebaseAnalyticsSwift */,
				28F50F0E2B0A458D00D59A40 /* FirebaseAnalyticsWithoutAdIdSupport */,
				28F50F102B0A458D00D59A40 /* FirebaseAppCheck */,
				DD7E913B2B18234800BFEB12 /* FirebaseAnalytics */,
				DD7E913D2B18234800BFEB12 /* FirebaseAnalyticsOnDeviceConversion */,
				DD7E913F2B18234800BFEB12 /* FirebaseAnalyticsSwift */,
				DD7E91412B18234800BFEB12 /* FirebaseAnalyticsWithoutAdIdSupport */,
				DD7E91432B18234800BFEB12 /* FirebaseAppCheck */,
				DD2BEC9C2B1872AE001F55CE /* FirebaseAuth */,
				DD2BEC9E2B1895EE001F55CE /* FirebaseFirestore */,
				DD2BECA02B1895EE001F55CE /* FirebaseFirestoreSwift */,
			);
			productName = finalproject;
			productReference = 28F50EEE2B0A448B00D59A40 /* finalproject.app */;
			productType = "com.apple.product-type.application";
		};
/* End PBXNativeTarget section */

/* Begin PBXProject section */
		28F50EE62B0A448B00D59A40 /* Project object */ = {
			isa = PBXProject;
			attributes = {
				BuildIndependentTargetsInParallel = 1;
				LastSwiftUpdateCheck = 1500;
				LastUpgradeCheck = 1500;
				TargetAttributes = {
					28F50EED2B0A448B00D59A40 = {
						CreatedOnToolsVersion = 15.0.1;
					};
				};
			};
			buildConfigurationList = 28F50EE92B0A448B00D59A40 /* Build configuration list for PBXProject "finalproject" */;
			compatibilityVersion = "Xcode 14.0";
			developmentRegion = en;
			hasScannedForEncodings = 0;
			knownRegions = (
				en,
				Base,
			);
			mainGroup = 28F50EE52B0A448B00D59A40;
			packageReferences = (
				28F50F072B0A458D00D59A40 /* XCRemoteSwiftPackageReference "firebase-ios-sdk" */,
			);
			productRefGroup = 28F50EEF2B0A448B00D59A40 /* Products */;
			projectDirPath = "";
			projectRoot = "";
			targets = (
				28F50EED2B0A448B00D59A40 /* finalproject */,
			);
		};
/* End PBXProject section */

/* Begin PBXResourcesBuildPhase section */
		28F50EEC2B0A448B00D59A40 /* Resources */ = {
			isa = PBXResourcesBuildPhase;
			buildActionMask = 2147483647;
			files = (
				28F50EFE2B0A448C00D59A40 /* LaunchScreen.storyboard in Resources */,
				DD7E913A2B18232A00BFEB12 /* GoogleService-Info.plist in Resources */,
				28F50EFB2B0A448C00D59A40 /* Assets.xcassets in Resources */,
				28F50EF92B0A448B00D59A40 /* Main.storyboard in Resources */,
			);
			runOnlyForDeploymentPostprocessing = 0;
		};
/* End PBXResourcesBuildPhase section */

/* Begin PBXSourcesBuildPhase section */
		28F50EEA2B0A448B00D59A40 /* Sources */ = {
			isa = PBXSourcesBuildPhase;
			buildActionMask = 2147483647;
			files = (
				DD2BECB82B1C8152001F55CE /* NavLogo.swift in Sources */,
				28F50F232B0AA38500D59A40 /* UserHomeView.swift in Sources */,
				DD2BECB02B1C6C54001F55CE /* StoriesMainView.swift in Sources */,
				DD2BEC9A2B1870CC001F55CE /* AppColors.swift in Sources */,
				28F50F1F2B0A54C800D59A40 /* RegistrationViewController.swift in Sources */,
				28F50EF62B0A448B00D59A40 /* ViewController.swift in Sources */,
				28F50F1D2B0A53D800D59A40 /* RegistrationView.swift in Sources */,
				28F50F282B0C3CB400D59A40 /* AboutView.swift in Sources */,
				DD2BECBB2B1C8509001F55CE /* UserHomeViewButtonManager.swift in Sources */,
				DD2BECA32B189761001F55CE /* LoginFirebaseManager.swift in Sources */,
				28F50F1A2B0A489400D59A40 /* LoginView.swift in Sources */,
				28F50F252B0AA48500D59A40 /* UserHomeViewController.swift in Sources */,
				DD2BEC982B1870B2001F55CE /* ProgressSpinnerDelegate.swift in Sources */,
				DD2BECB22B1C6C66001F55CE /* JournalMainView.swift in Sources */,
				DD2BEC952B187060001F55CE /* ProgressSpinnerViewController.swift in Sources */,
				DD2BECAC2B1C6C2C001F55CE /* StoriesMainViewController.swift in Sources */,
				28F50EF22B0A448B00D59A40 /* AppDelegate.swift in Sources */,
				28F50F2A2B0C3D6D00D59A40 /* AboutViewController.swift in Sources */,
				DD2BECAE2B1C6C3D001F55CE /* JournalMainViewController.swift in Sources */,
				DD2BECA92B1C55C7001F55CE /* MoodCategories.swift in Sources */,
				DD2BECA72B18AE54001F55CE /* RegistrationProgressIndicatorManager.swift in Sources */,
				DD2BECA52B18AE01001F55CE /* RegistrationFirebaseManager.swift in Sources */,
				28F50EF42B0A448B00D59A40 /* SceneDelegate.swift in Sources */,
			);
			runOnlyForDeploymentPostprocessing = 0;
		};
/* End PBXSourcesBuildPhase section */

/* Begin PBXVariantGroup section */
		28F50EF72B0A448B00D59A40 /* Main.storyboard */ = {
			isa = PBXVariantGroup;
			children = (
				28F50EF82B0A448B00D59A40 /* Base */,
			);
			name = Main.storyboard;
			sourceTree = "<group>";
		};
		28F50EFC2B0A448C00D59A40 /* LaunchScreen.storyboard */ = {
			isa = PBXVariantGroup;
			children = (
				28F50EFD2B0A448C00D59A40 /* Base */,
			);
			name = LaunchScreen.storyboard;
			sourceTree = "<group>";
		};
/* End PBXVariantGroup section */

/* Begin XCBuildConfiguration section */
		28F50F002B0A448C00D59A40 /* Debug */ = {
			isa = XCBuildConfiguration;
			buildSettings = {
				ALWAYS_SEARCH_USER_PATHS = NO;
				ASSETCATALOG_COMPILER_GENERATE_SWIFT_ASSET_SYMBOL_EXTENSIONS = YES;
				CLANG_ANALYZER_NONNULL = YES;
				CLANG_ANALYZER_NUMBER_OBJECT_CONVERSION = YES_AGGRESSIVE;
				CLANG_CXX_LANGUAGE_STANDARD = "gnu++20";
				CLANG_ENABLE_MODULES = YES;
				CLANG_ENABLE_OBJC_ARC = YES;
				CLANG_ENABLE_OBJC_WEAK = YES;
				CLANG_WARN_BLOCK_CAPTURE_AUTORELEASING = YES;
				CLANG_WARN_BOOL_CONVERSION = YES;
				CLANG_WARN_COMMA = YES;
				CLANG_WARN_CONSTANT_CONVERSION = YES;
				CLANG_WARN_DEPRECATED_OBJC_IMPLEMENTATIONS = YES;
				CLANG_WARN_DIRECT_OBJC_ISA_USAGE = YES_ERROR;
				CLANG_WARN_DOCUMENTATION_COMMENTS = YES;
				CLANG_WARN_EMPTY_BODY = YES;
				CLANG_WARN_ENUM_CONVERSION = YES;
				CLANG_WARN_INFINITE_RECURSION = YES;
				CLANG_WARN_INT_CONVERSION = YES;
				CLANG_WARN_NON_LITERAL_NULL_CONVERSION = YES;
				CLANG_WARN_OBJC_IMPLICIT_RETAIN_SELF = YES;
				CLANG_WARN_OBJC_LITERAL_CONVERSION = YES;
				CLANG_WARN_OBJC_ROOT_CLASS = YES_ERROR;
				CLANG_WARN_QUOTED_INCLUDE_IN_FRAMEWORK_HEADER = YES;
				CLANG_WARN_RANGE_LOOP_ANALYSIS = YES;
				CLANG_WARN_STRICT_PROTOTYPES = YES;
				CLANG_WARN_SUSPICIOUS_MOVE = YES;
				CLANG_WARN_UNGUARDED_AVAILABILITY = YES_AGGRESSIVE;
				CLANG_WARN_UNREACHABLE_CODE = YES;
				CLANG_WARN__DUPLICATE_METHOD_MATCH = YES;
				COPY_PHASE_STRIP = NO;
				DEBUG_INFORMATION_FORMAT = dwarf;
				ENABLE_STRICT_OBJC_MSGSEND = YES;
				ENABLE_TESTABILITY = YES;
				ENABLE_USER_SCRIPT_SANDBOXING = YES;
				GCC_C_LANGUAGE_STANDARD = gnu17;
				GCC_DYNAMIC_NO_PIC = NO;
				GCC_NO_COMMON_BLOCKS = YES;
				GCC_OPTIMIZATION_LEVEL = 0;
				GCC_PREPROCESSOR_DEFINITIONS = (
					"DEBUG=1",
					"$(inherited)",
				);
				GCC_WARN_64_TO_32_BIT_CONVERSION = YES;
				GCC_WARN_ABOUT_RETURN_TYPE = YES_ERROR;
				GCC_WARN_UNDECLARED_SELECTOR = YES;
				GCC_WARN_UNINITIALIZED_AUTOS = YES_AGGRESSIVE;
				GCC_WARN_UNUSED_FUNCTION = YES;
				GCC_WARN_UNUSED_VARIABLE = YES;
				IPHONEOS_DEPLOYMENT_TARGET = 17.0;
				LOCALIZATION_PREFERS_STRING_CATALOGS = YES;
				MTL_ENABLE_DEBUG_INFO = INCLUDE_SOURCE;
				MTL_FAST_MATH = YES;
				ONLY_ACTIVE_ARCH = YES;
				SDKROOT = iphoneos;
				SWIFT_ACTIVE_COMPILATION_CONDITIONS = "DEBUG $(inherited)";
				SWIFT_OPTIMIZATION_LEVEL = "-Onone";
			};
			name = Debug;
		};
		28F50F012B0A448C00D59A40 /* Release */ = {
			isa = XCBuildConfiguration;
			buildSettings = {
				ALWAYS_SEARCH_USER_PATHS = NO;
				ASSETCATALOG_COMPILER_GENERATE_SWIFT_ASSET_SYMBOL_EXTENSIONS = YES;
				CLANG_ANALYZER_NONNULL = YES;
				CLANG_ANALYZER_NUMBER_OBJECT_CONVERSION = YES_AGGRESSIVE;
				CLANG_CXX_LANGUAGE_STANDARD = "gnu++20";
				CLANG_ENABLE_MODULES = YES;
				CLANG_ENABLE_OBJC_ARC = YES;
				CLANG_ENABLE_OBJC_WEAK = YES;
				CLANG_WARN_BLOCK_CAPTURE_AUTORELEASING = YES;
				CLANG_WARN_BOOL_CONVERSION = YES;
				CLANG_WARN_COMMA = YES;
				CLANG_WARN_CONSTANT_CONVERSION = YES;
				CLANG_WARN_DEPRECATED_OBJC_IMPLEMENTATIONS = YES;
				CLANG_WARN_DIRECT_OBJC_ISA_USAGE = YES_ERROR;
				CLANG_WARN_DOCUMENTATION_COMMENTS = YES;
				CLANG_WARN_EMPTY_BODY = YES;
				CLANG_WARN_ENUM_CONVERSION = YES;
				CLANG_WARN_INFINITE_RECURSION = YES;
				CLANG_WARN_INT_CONVERSION = YES;
				CLANG_WARN_NON_LITERAL_NULL_CONVERSION = YES;
				CLANG_WARN_OBJC_IMPLICIT_RETAIN_SELF = YES;
				CLANG_WARN_OBJC_LITERAL_CONVERSION = YES;
				CLANG_WARN_OBJC_ROOT_CLASS = YES_ERROR;
				CLANG_WARN_QUOTED_INCLUDE_IN_FRAMEWORK_HEADER = YES;
				CLANG_WARN_RANGE_LOOP_ANALYSIS = YES;
				CLANG_WARN_STRICT_PROTOTYPES = YES;
				CLANG_WARN_SUSPICIOUS_MOVE = YES;
				CLANG_WARN_UNGUARDED_AVAILABILITY = YES_AGGRESSIVE;
				CLANG_WARN_UNREACHABLE_CODE = YES;
				CLANG_WARN__DUPLICATE_METHOD_MATCH = YES;
				COPY_PHASE_STRIP = NO;
				DEBUG_INFORMATION_FORMAT = "dwarf-with-dsym";
				ENABLE_NS_ASSERTIONS = NO;
				ENABLE_STRICT_OBJC_MSGSEND = YES;
				ENABLE_USER_SCRIPT_SANDBOXING = YES;
				GCC_C_LANGUAGE_STANDARD = gnu17;
				GCC_NO_COMMON_BLOCKS = YES;
				GCC_WARN_64_TO_32_BIT_CONVERSION = YES;
				GCC_WARN_ABOUT_RETURN_TYPE = YES_ERROR;
				GCC_WARN_UNDECLARED_SELECTOR = YES;
				GCC_WARN_UNINITIALIZED_AUTOS = YES_AGGRESSIVE;
				GCC_WARN_UNUSED_FUNCTION = YES;
				GCC_WARN_UNUSED_VARIABLE = YES;
				IPHONEOS_DEPLOYMENT_TARGET = 17.0;
				LOCALIZATION_PREFERS_STRING_CATALOGS = YES;
				MTL_ENABLE_DEBUG_INFO = NO;
				MTL_FAST_MATH = YES;
				SDKROOT = iphoneos;
				SWIFT_COMPILATION_MODE = wholemodule;
				VALIDATE_PRODUCT = YES;
			};
			name = Release;
		};
		28F50F032B0A448C00D59A40 /* Debug */ = {
			isa = XCBuildConfiguration;
			buildSettings = {
				ASSETCATALOG_COMPILER_APPICON_NAME = AppIcon;
				ASSETCATALOG_COMPILER_GLOBAL_ACCENT_COLOR_NAME = AccentColor;
				CODE_SIGN_STYLE = Automatic;
				CURRENT_PROJECT_VERSION = 1;
				DEVELOPMENT_TEAM = QGS9TDF9XV;
				GENERATE_INFOPLIST_FILE = YES;
				INFOPLIST_FILE = finalproject/Info.plist;
				INFOPLIST_KEY_UIApplicationSupportsIndirectInputEvents = YES;
				INFOPLIST_KEY_UILaunchStoryboardName = LaunchScreen;
				INFOPLIST_KEY_UIMainStoryboardFile = Main;
				INFOPLIST_KEY_UISupportedInterfaceOrientations_iPad = "UIInterfaceOrientationPortrait UIInterfaceOrientationPortraitUpsideDown UIInterfaceOrientationLandscapeLeft UIInterfaceOrientationLandscapeRight";
				INFOPLIST_KEY_UISupportedInterfaceOrientations_iPhone = "UIInterfaceOrientationPortrait UIInterfaceOrientationLandscapeLeft UIInterfaceOrientationLandscapeRight";
				LD_RUNPATH_SEARCH_PATHS = (
					"$(inherited)",
					"@executable_path/Frameworks",
				);
				MARKETING_VERSION = 1.0;
				PRODUCT_BUNDLE_IDENTIFIER = com.nuios.finalproject;
				PRODUCT_NAME = "$(TARGET_NAME)";
				SWIFT_EMIT_LOC_STRINGS = YES;
				SWIFT_VERSION = 5.0;
				TARGETED_DEVICE_FAMILY = "1,2";
			};
			name = Debug;
		};
		28F50F042B0A448C00D59A40 /* Release */ = {
			isa = XCBuildConfiguration;
			buildSettings = {
				ASSETCATALOG_COMPILER_APPICON_NAME = AppIcon;
				ASSETCATALOG_COMPILER_GLOBAL_ACCENT_COLOR_NAME = AccentColor;
				CODE_SIGN_STYLE = Automatic;
				CURRENT_PROJECT_VERSION = 1;
				DEVELOPMENT_TEAM = QGS9TDF9XV;
				GENERATE_INFOPLIST_FILE = YES;
				INFOPLIST_FILE = finalproject/Info.plist;
				INFOPLIST_KEY_UIApplicationSupportsIndirectInputEvents = YES;
				INFOPLIST_KEY_UILaunchStoryboardName = LaunchScreen;
				INFOPLIST_KEY_UIMainStoryboardFile = Main;
				INFOPLIST_KEY_UISupportedInterfaceOrientations_iPad = "UIInterfaceOrientationPortrait UIInterfaceOrientationPortraitUpsideDown UIInterfaceOrientationLandscapeLeft UIInterfaceOrientationLandscapeRight";
				INFOPLIST_KEY_UISupportedInterfaceOrientations_iPhone = "UIInterfaceOrientationPortrait UIInterfaceOrientationLandscapeLeft UIInterfaceOrientationLandscapeRight";
				LD_RUNPATH_SEARCH_PATHS = (
					"$(inherited)",
					"@executable_path/Frameworks",
				);
				MARKETING_VERSION = 1.0;
				PRODUCT_BUNDLE_IDENTIFIER = com.nuios.finalproject;
				PRODUCT_NAME = "$(TARGET_NAME)";
				SWIFT_EMIT_LOC_STRINGS = YES;
				SWIFT_VERSION = 5.0;
				TARGETED_DEVICE_FAMILY = "1,2";
			};
			name = Release;
		};
/* End XCBuildConfiguration section */

/* Begin XCConfigurationList section */
		28F50EE92B0A448B00D59A40 /* Build configuration list for PBXProject "finalproject" */ = {
			isa = XCConfigurationList;
			buildConfigurations = (
				28F50F002B0A448C00D59A40 /* Debug */,
				28F50F012B0A448C00D59A40 /* Release */,
			);
			defaultConfigurationIsVisible = 0;
			defaultConfigurationName = Release;
		};
		28F50F022B0A448C00D59A40 /* Build configuration list for PBXNativeTarget "finalproject" */ = {
			isa = XCConfigurationList;
			buildConfigurations = (
				28F50F032B0A448C00D59A40 /* Debug */,
				28F50F042B0A448C00D59A40 /* Release */,
			);
			defaultConfigurationIsVisible = 0;
			defaultConfigurationName = Release;
		};
/* End XCConfigurationList section */

/* Begin XCRemoteSwiftPackageReference section */
		28F50F072B0A458D00D59A40 /* XCRemoteSwiftPackageReference "firebase-ios-sdk" */ = {
			isa = XCRemoteSwiftPackageReference;
			repositoryURL = "https://github.com/firebase/firebase-ios-sdk";
			requirement = {
				kind = upToNextMajorVersion;
				minimumVersion = 10.18.0;
			};
		};
/* End XCRemoteSwiftPackageReference section */

/* Begin XCSwiftPackageProductDependency section */
		28F50F082B0A458D00D59A40 /* FirebaseAnalytics */ = {
			isa = XCSwiftPackageProductDependency;
			package = 28F50F072B0A458D00D59A40 /* XCRemoteSwiftPackageReference "firebase-ios-sdk" */;
			productName = FirebaseAnalytics;
		};
		28F50F0A2B0A458D00D59A40 /* FirebaseAnalyticsOnDeviceConversion */ = {
			isa = XCSwiftPackageProductDependency;
			package = 28F50F072B0A458D00D59A40 /* XCRemoteSwiftPackageReference "firebase-ios-sdk" */;
			productName = FirebaseAnalyticsOnDeviceConversion;
		};
		28F50F0C2B0A458D00D59A40 /* FirebaseAnalyticsSwift */ = {
			isa = XCSwiftPackageProductDependency;
			package = 28F50F072B0A458D00D59A40 /* XCRemoteSwiftPackageReference "firebase-ios-sdk" */;
			productName = FirebaseAnalyticsSwift;
		};
		28F50F0E2B0A458D00D59A40 /* FirebaseAnalyticsWithoutAdIdSupport */ = {
			isa = XCSwiftPackageProductDependency;
			package = 28F50F072B0A458D00D59A40 /* XCRemoteSwiftPackageReference "firebase-ios-sdk" */;
			productName = FirebaseAnalyticsWithoutAdIdSupport;
		};
		28F50F102B0A458D00D59A40 /* FirebaseAppCheck */ = {
			isa = XCSwiftPackageProductDependency;
			package = 28F50F072B0A458D00D59A40 /* XCRemoteSwiftPackageReference "firebase-ios-sdk" */;
			productName = FirebaseAppCheck;
		};
		DD2BEC9C2B1872AE001F55CE /* FirebaseAuth */ = {
			isa = XCSwiftPackageProductDependency;
			package = 28F50F072B0A458D00D59A40 /* XCRemoteSwiftPackageReference "firebase-ios-sdk" */;
			productName = FirebaseAuth;
		};
		DD2BEC9E2B1895EE001F55CE /* FirebaseFirestore */ = {
			isa = XCSwiftPackageProductDependency;
			package = 28F50F072B0A458D00D59A40 /* XCRemoteSwiftPackageReference "firebase-ios-sdk" */;
			productName = FirebaseFirestore;
		};
		DD2BECA02B1895EE001F55CE /* FirebaseFirestoreSwift */ = {
			isa = XCSwiftPackageProductDependency;
			package = 28F50F072B0A458D00D59A40 /* XCRemoteSwiftPackageReference "firebase-ios-sdk" */;
			productName = FirebaseFirestoreSwift;
		};
		DD7E913B2B18234800BFEB12 /* FirebaseAnalytics */ = {
			isa = XCSwiftPackageProductDependency;
			productName = FirebaseAnalytics;
		};
		DD7E913D2B18234800BFEB12 /* FirebaseAnalyticsOnDeviceConversion */ = {
			isa = XCSwiftPackageProductDependency;
			productName = FirebaseAnalyticsOnDeviceConversion;
		};
		DD7E913F2B18234800BFEB12 /* FirebaseAnalyticsSwift */ = {
			isa = XCSwiftPackageProductDependency;
			productName = FirebaseAnalyticsSwift;
		};
		DD7E91412B18234800BFEB12 /* FirebaseAnalyticsWithoutAdIdSupport */ = {
			isa = XCSwiftPackageProductDependency;
			productName = FirebaseAnalyticsWithoutAdIdSupport;
		};
		DD7E91432B18234800BFEB12 /* FirebaseAppCheck */ = {
			isa = XCSwiftPackageProductDependency;
			productName = FirebaseAppCheck;
		};
/* End XCSwiftPackageProductDependency section */
	};
	rootObject = 28F50EE62B0A448B00D59A40 /* Project object */;
}
